
Microsoft Visual Studio Solution File, Format Version 12.00
# Visual Studio Version 17
VisualStudioVersion = 17.0.32014.148
MinimumVisualStudioVersion = 10.0.40219.1
Project("{FAE04EC0-301F-11D3-BF4B-00C04F79EFBC}") = "calculadora", "calculadora\calculadora.csproj", "{2E601B91-CA35-4DB1-932B-2F9ADF544403}"
EndProject
Global
	GlobalSection(SolutionConfigurationPlatforms) = preSolution
		Debug|Any CPU = Debug|Any CPU
		Release|Any CPU = Release|Any CPU
	EndGlobalSection
	GlobalSection(ProjectConfigurationPlatforms) = postSolution
		{2E601B91-CA35-4DB1-932B-2F9ADF544403}.Debug|Any CPU.ActiveCfg = Debug|Any CPU
		{2E601B91-CA35-4DB1-932B-2F9ADF544403}.Debug|Any CPU.Build.0 = Debug|Any CPU
		{2E601B91-CA35-4DB1-932B-2F9ADF544403}.Release|Any CPU.ActiveCfg = Release|Any CPU
		{2E601B91-CA35-4DB1-932B-2F9ADF544403}.Release|Any CPU.Build.0 = Release|Any CPU
	EndGlobalSection
	GlobalSection(SolutionProperties) = preSolution
		HideSolutionNode = FALSE
	EndGlobalSection
	GlobalSection(ExtensibilityGlobals) = postSolution
		SolutionGuid = {B1F1C9D8-5009-4F22-867A-E54D71C7B5E5}
	EndGlobalSection
EndGlobal
